
Microsoft Visual Studio Solution File, Format Version 12.00
# Visual Studio 15
VisualStudioVersion = 15.0.28010.2046
MinimumVisualStudioVersion = 10.0.40219.1
Project("{FAE04EC0-301F-11D3-BF4B-00C04F79EFBC}") = "caculadora", "caculadora\caculadora.csproj", "{016C76C7-B877-4613-9B2E-22A97797269A}"
EndProject
Global
	GlobalSection(SolutionConfigurationPlatforms) = preSolution
		Debug|Any CPU = Debug|Any CPU
		Release|Any CPU = Release|Any CPU
	EndGlobalSection
	GlobalSection(ProjectConfigurationPlatforms) = postSolution
		{016C76C7-B877-4613-9B2E-22A97797269A}.Debug|Any CPU.ActiveCfg = Debug|Any CPU
		{016C76C7-B877-4613-9B2E-22A97797269A}.Debug|Any CPU.Build.0 = Debug|Any CPU
		{016C76C7-B877-4613-9B2E-22A97797269A}.Release|Any CPU.ActiveCfg = Release|Any CPU
		{016C76C7-B877-4613-9B2E-22A97797269A}.Release|Any CPU.Build.0 = Release|Any CPU
	EndGlobalSection
	GlobalSection(SolutionProperties) = preSolution
		HideSolutionNode = FALSE
	EndGlobalSection
	GlobalSection(ExtensibilityGlobals) = postSolution
		SolutionGuid = {3D5D6503-28A3-4D1C-90F6-B00C81CC6DBE}
	EndGlobalSection
EndGlobal
